{
  "lockfile-version": 1,
  "manifest": {
    "version": 1,
    "install": {
      "ack": {
        "pkg-path": "ack"
      },
      "gnumake": {
        "pkg-path": "gnumake"
      },
      "go": {
        "pkg-path": "go"
      },
      "nats-server": {
        "pkg-path": "nats-server"
      },
      "natscli": {
        "pkg-path": "natscli"
      }
    },
    "hook": {},
    "profile": {},
    "options": {
      "systems": [
        "aarch64-darwin",
        "aarch64-linux",
        "x86_64-darwin",
        "x86_64-linux"
      ]
    },
    "services": {
      "nats-daemon": {
        "command": "make -C nats-daemon"
      },
      "server": {
        "command": "make run -C server"
      }
    }
  },
  "packages": [
    {
      "attr_path": "ack",
      "broken": false,
      "derivation": "/nix/store/10mig510yhdm27sh287kgk5wzm322ihz-perl5.40.0-ack-3.8.2.drv",
      "description": "Grep-like tool tailored to working with large trees of source code",
      "install_id": "ack",
      "license": "[ Artistic-2.0 ]",
      "locked_url": "https://github.com/flox/nixpkgs?rev=addf7cf5f383a3101ecfba091b98d0a1263dc9b8",
      "name": "perl5.40.0-ack-3.8.2",
      "pname": "ack",
      "rev": "addf7cf5f383a3101ecfba091b98d0a1263dc9b8",
      "rev_count": 908783,
      "rev_date": "2025-12-08T09:27:56Z",
      "scrape_date": "2025-12-10T02:54:43.539447Z",
      "stabilities": [
        "unstable"
      ],
      "unfree": false,
      "version": "3.8.2",
      "outputs_to_install": [
        "man",
        "out"
      ],
      "outputs": {
        "man": "/nix/store/v46ss3hrnsly0370vl3llyjpc6xib28f-perl5.40.0-ack-3.8.2-man",
        "out": "/nix/store/843djf2vczhky2c2g35v3x6i665nn2jr-perl5.40.0-ack-3.8.2"
      },
      "system": "aarch64-darwin",
      "group": "toplevel",
      "priority": 5
    },
    {
      "attr_path": "ack",
      "broken": false,
      "derivation": "/nix/store/sm6r5knyhj86nx6r6w907bpi3jzhv566-perl5.40.0-ack-3.8.2.drv",
      "description": "Grep-like tool tailored to working with large trees of source code",
      "install_id": "ack",
      "license": "[ Artistic-2.0 ]",
      "locked_url": "https://github.com/flox/nixpkgs?rev=addf7cf5f383a3101ecfba091b98d0a1263dc9b8",
      "name": "perl5.40.0-ack-3.8.2",
      "pname": "ack",
      "rev": "addf7cf5f383a3101ecfba091b98d0a1263dc9b8",
      "rev_count": 908783,
      "rev_date": "2025-12-08T09:27:56Z",
      "scrape_date": "2025-12-10T03:03:53.902511Z",
      "stabilities": [
        "unstable"
      ],
      "unfree": false,
      "version": "3.8.2",
      "outputs_to_install": [
        "man",
        "out"
      ],
      "outputs": {
        "man": "/nix/store/n7i5222h08xglgyjczwxwhir2x52ap21-perl5.40.0-ack-3.8.2-man",
        "out": "/nix/store/5bg2l73b2hxrvyz10s222zjmvsfqjmj2-perl5.40.0-ack-3.8.2"
      },
      "system": "aarch64-linux",
      "group": "toplevel",
      "priority": 5
    },
    {
      "attr_path": "ack",
      "broken": false,
      "derivation": "/nix/store/9zygg64fxhr03n66iqvq9m0n0bxk4af0-perl5.40.0-ack-3.8.2.drv",
      "description": "Grep-like tool tailored to working with large trees of source code",
      "install_id": "ack",
      "license": "[ Artistic-2.0 ]",
      "locked_url": "https://github.com/flox/nixpkgs?rev=addf7cf5f383a3101ecfba091b98d0a1263dc9b8",
      "name": "perl5.40.0-ack-3.8.2",
      "pname": "ack",
      "rev": "addf7cf5f383a3101ecfba091b98d0a1263dc9b8",
      "rev_count": 908783,
      "rev_date": "2025-12-08T09:27:56Z",
      "scrape_date": "2025-12-10T03:13:57.380029Z",
      "stabilities": [
        "unstable"
      ],
      "unfree": false,
      "version": "3.8.2",
      "outputs_to_install": [
        "man",
        "out"
      ],
      "outputs": {
        "man": "/nix/store/94s840dah2lxxza65nysnzpws7vl5f6h-perl5.40.0-ack-3.8.2-man",
        "out": "/nix/store/xf5dsxvr28hfzm0va9p3z307np33gfmj-perl5.40.0-ack-3.8.2"
      },
      "system": "x86_64-darwin",
      "group": "toplevel",
      "priority": 5
    },
    {
      "attr_path": "ack",
      "broken": false,
      "derivation": "/nix/store/vgx0mk2d9qi5951slrixckcyp8nj7v7z-perl5.40.0-ack-3.8.2.drv",
      "description": "Grep-like tool tailored to working with large trees of source code",
      "install_id": "ack",
      "license": "[ Artistic-2.0 ]",
      "locked_url": "https://github.com/flox/nixpkgs?rev=addf7cf5f383a3101ecfba091b98d0a1263dc9b8",
      "name": "perl5.40.0-ack-3.8.2",
      "pname": "ack",
      "rev": "addf7cf5f383a3101ecfba091b98d0a1263dc9b8",
      "rev_count": 908783,
      "rev_date": "2025-12-08T09:27:56Z",
      "scrape_date": "2025-12-10T03:23:17.111153Z",
      "stabilities": [
        "unstable"
      ],
      "unfree": false,
      "version": "3.8.2",
      "outputs_to_install": [
        "man",
        "out"
      ],
      "outputs": {
        "man": "/nix/store/l18cmh529sizh1xpfaihxd8q0b7npi6x-perl5.40.0-ack-3.8.2-man",
        "out": "/nix/store/2pi1shin0mvs7kaw1jwx5q06gx6xagfl-perl5.40.0-ack-3.8.2"
      },
      "system": "x86_64-linux",
      "group": "toplevel",
      "priority": 5
    },
    {
      "attr_path": "gnumake",
      "broken": false,
      "derivation": "/nix/store/vn555bmig01z6a9y87kvgc46y32f48wp-gnumake-4.4.1.drv",
      "description": "Tool to control the generation of non-source files from sources",
      "install_id": "gnumake",
      "license": "GPL-3.0-or-later",
      "locked_url": "https://github.com/flox/nixpkgs?rev=addf7cf5f383a3101ecfba091b98d0a1263dc9b8",
      "name": "gnumake-4.4.1",
      "pname": "gnumake",
      "rev": "addf7cf5f383a3101ecfba091b98d0a1263dc9b8",
      "rev_count": 908783,
      "rev_date": "2025-12-08T09:27:56Z",
      "scrape_date": "2025-12-10T02:54:44.859515Z",
      "stabilities": [
        "unstable"
      ],
      "unfree": false,
      "version": "4.4.1",
      "outputs_to_install": [
        "man",
        "out"
      ],
      "outputs": {
        "info": "/nix/store/j8pw4cw50ijq08zdnz6r5s0l8hwvi6y2-gnumake-4.4.1-info",
        "man": "/nix/store/6k5xskz3ih6as6s431an4vfc8kygwb06-gnumake-4.4.1-man",
        "out": "/nix/store/himpsafkr92afwx35m02cfqqkayjp7ab-gnumake-4.4.1"
      },
      "system": "aarch64-darwin",
      "group": "toplevel",
      "priority": 5
    },
    {
      "attr_path": "gnumake",
      "broken": false,
      "derivation": "/nix/store/gvr5fqkapgyfp9fapw7nfiys28r9fl4x-gnumake-4.4.1.drv",
      "description": "Tool to control the generation of non-source files from sources",
      "install_id": "gnumake",
      "license": "GPL-3.0-or-later",
      "locked_url": "https://github.com/flox/nixpkgs?rev=addf7cf5f383a3101ecfba091b98d0a1263dc9b8",
      "name": "gnumake-4.4.1",
      "pname": "gnumake",
      "rev": "addf7cf5f383a3101ecfba091b98d0a1263dc9b8",
      "rev_count": 908783,
      "rev_date": "2025-12-08T09:27:56Z",
      "scrape_date": "2025-12-10T03:03:56.174397Z",
      "stabilities": [
        "unstable"
      ],
      "unfree": false,
      "version": "4.4.1",
      "outputs_to_install": [
        "man",
        "out"
      ],
      "outputs": {
        "debug": "/nix/store/bg7na4xrp92kc3w2xmpxck5rxab10by5-gnumake-4.4.1-debug",
        "info": "/nix/store/w974qs2b1p53l0xcxrm4va45ih5jjj1x-gnumake-4.4.1-info",
        "man": "/nix/store/c3p59qjacf7zlmivlhzly323wbmwiynn-gnumake-4.4.1-man",
        "out": "/nix/store/4as5z9sq13frzn76l4grs0x7jlhmp8a4-gnumake-4.4.1"
      },
      "system": "aarch64-linux",
      "group": "toplevel",
      "priority": 5
    },
    {
      "attr_path": "gnumake",
      "broken": false,
      "derivation": "/nix/store/55ryjx2chx87h3rc4y51npwhf5ia0w4y-gnumake-4.4.1.drv",
      "description": "Tool to control the generation of non-source files from sources",
      "install_id": "gnumake",
      "license": "GPL-3.0-or-later",
      "locked_url": "https://github.com/flox/nixpkgs?rev=addf7cf5f383a3101ecfba091b98d0a1263dc9b8",
      "name": "gnumake-4.4.1",
      "pname": "gnumake",
      "rev": "addf7cf5f383a3101ecfba091b98d0a1263dc9b8",
      "rev_count": 908783,
      "rev_date": "2025-12-08T09:27:56Z",
      "scrape_date": "2025-12-10T03:13:58.755797Z",
      "stabilities": [
        "unstable"
      ],
      "unfree": false,
      "version": "4.4.1",
      "outputs_to_install": [
        "man",
        "out"
      ],
      "outputs": {
        "info": "/nix/store/318jsjis2rp8rm5zpw936flpg90c4v20-gnumake-4.4.1-info",
        "man": "/nix/store/70bpwla1zm4rzj3qh318qb0h3zg2k57x-gnumake-4.4.1-man",
        "out": "/nix/store/bc7w3vj6r09bi1izjnag31zw1s26bl3i-gnumake-4.4.1"
      },
      "system": "x86_64-darwin",
      "group": "toplevel",
      "priority": 5
    },
    {
      "attr_path": "gnumake",
      "broken": false,
      "derivation": "/nix/store/anbibqls2ny4f0vkyhhkf5hx7gs59vnc-gnumake-4.4.1.drv",
      "description": "Tool to control the generation of non-source files from sources",
      "install_id": "gnumake",
      "license": "GPL-3.0-or-later",
      "locked_url": "https://github.com/flox/nixpkgs?rev=addf7cf5f383a3101ecfba091b98d0a1263dc9b8",
      "name": "gnumake-4.4.1",
      "pname": "gnumake",
      "rev": "addf7cf5f383a3101ecfba091b98d0a1263dc9b8",
      "rev_count": 908783,
      "rev_date": "2025-12-08T09:27:56Z",
      "scrape_date": "2025-12-10T03:23:19.647732Z",
      "stabilities": [
        "unstable"
      ],
      "unfree": false,
      "version": "4.4.1",
      "outputs_to_install": [
        "man",
        "out"
      ],
      "outputs": {
        "debug": "/nix/store/jyd69jw95fcsgnl9p5r6k3iycls32vsy-gnumake-4.4.1-debug",
        "info": "/nix/store/dm5rg41pkjr7g5khqivn5ddgdlzr2fvy-gnumake-4.4.1-info",
        "man": "/nix/store/66gca2ba1a5dd2pbwh3nc2fil96nzwb8-gnumake-4.4.1-man",
        "out": "/nix/store/jlv0a6iyh8vb7pfyhjj93xy245xlmgh5-gnumake-4.4.1"
      },
      "system": "x86_64-linux",
      "group": "toplevel",
      "priority": 5
    },
    {
      "attr_path": "go",
      "broken": false,
      "derivation": "/nix/store/q6dns42jljmikj5n8z09f94g5a4230h6-go-1.25.4.drv",
      "description": "Go Programming language",
      "install_id": "go",
      "license": "BSD-3-Clause",
      "locked_url": "https://github.com/flox/nixpkgs?rev=addf7cf5f383a3101ecfba091b98d0a1263dc9b8",
      "name": "go-1.25.4",
      "pname": "go",
      "rev": "addf7cf5f383a3101ecfba091b98d0a1263dc9b8",
      "rev_count": 908783,
      "rev_date": "2025-12-08T09:27:56Z",
      "scrape_date": "2025-12-10T02:54:44.867883Z",
      "stabilities": [
        "unstable"
      ],
      "unfree": false,
      "version": "1.25.4",
      "outputs_to_install": [
        "out"
      ],
      "outputs": {
        "out": "/nix/store/52f5kjcmgmvgrz3rij676b3rjmgg5l5g-go-1.25.4"
      },
      "system": "aarch64-darwin",
      "group": "toplevel",
      "priority": 5
    },
    {
      "attr_path": "go",
      "broken": false,
      "derivation": "/nix/store/c25caab75rsywihykxr4xmmmhndxaphp-go-1.25.4.drv",
      "description": "Go Programming language",
      "install_id": "go",
      "license": "BSD-3-Clause",
      "locked_url": "https://github.com/flox/nixpkgs?rev=addf7cf5f383a3101ecfba091b98d0a1263dc9b8",
      "name": "go-1.25.4",
      "pname": "go",
      "rev": "addf7cf5f383a3101ecfba091b98d0a1263dc9b8",
      "rev_count": 908783,
      "rev_date": "2025-12-08T09:27:56Z",
      "scrape_date": "2025-12-10T03:03:56.188088Z",
      "stabilities": [
        "unstable"
      ],
      "unfree": false,
      "version": "1.25.4",
      "outputs_to_install": [
        "out"
      ],
      "outputs": {
        "out": "/nix/store/2ajrlmz1qdpm9k9ankhnp3973wxg1gqs-go-1.25.4"
      },
      "system": "aarch64-linux",
      "group": "toplevel",
      "priority": 5
    },
    {
      "attr_path": "go",
      "broken": false,
      "derivation": "/nix/store/arl751qdzivyrdn3yllvhn5p237wbiw3-go-1.25.4.drv",
      "description": "Go Programming language",
      "install_id": "go",
      "license": "BSD-3-Clause",
      "locked_url": "https://github.com/flox/nixpkgs?rev=addf7cf5f383a3101ecfba091b98d0a1263dc9b8",
      "name": "go-1.25.4",
      "pname": "go",
      "rev": "addf7cf5f383a3101ecfba091b98d0a1263dc9b8",
      "rev_count": 908783,
      "rev_date": "2025-12-08T09:27:56Z",
      "scrape_date": "2025-12-10T03:13:58.764413Z",
      "stabilities": [
        "unstable"
      ],
      "unfree": false,
      "version": "1.25.4",
      "outputs_to_install": [
        "out"
      ],
      "outputs": {
        "out": "/nix/store/1rqpvp45rl4sr1l0czrlbmv8jqj9sa7r-go-1.25.4"
      },
      "system": "x86_64-darwin",
      "group": "toplevel",
      "priority": 5
    },
    {
      "attr_path": "go",
      "broken": false,
      "derivation": "/nix/store/p2iym0wkf1ning240z6amc93l4b831b1-go-1.25.4.drv",
      "description": "Go Programming language",
      "install_id": "go",
      "license": "BSD-3-Clause",
      "locked_url": "https://github.com/flox/nixpkgs?rev=addf7cf5f383a3101ecfba091b98d0a1263dc9b8",
      "name": "go-1.25.4",
      "pname": "go",
      "rev": "addf7cf5f383a3101ecfba091b98d0a1263dc9b8",
      "rev_count": 908783,
      "rev_date": "2025-12-08T09:27:56Z",
      "scrape_date": "2025-12-10T03:23:19.662269Z",
      "stabilities": [
        "unstable"
      ],
      "unfree": false,
      "version": "1.25.4",
      "outputs_to_install": [
        "out"
      ],
      "outputs": {
        "out": "/nix/store/0a3dyfq09dnkw28ap2i450wjimvdmv6s-go-1.25.4"
      },
      "system": "x86_64-linux",
      "group": "toplevel",
      "priority": 5
    },
    {
      "attr_path": "nats-server",
      "broken": false,
      "derivation": "/nix/store/yw6a9cch9q390mcl7admp0sgkl77c9rb-nats-server-2.12.2.drv",
      "description": "High-Performance server for NATS",
      "install_id": "nats-server",
      "license": "Apache-2.0",
      "locked_url": "https://github.com/flox/nixpkgs?rev=addf7cf5f383a3101ecfba091b98d0a1263dc9b8",
      "name": "nats-server-2.12.2",
      "pname": "nats-server",
      "rev": "addf7cf5f383a3101ecfba091b98d0a1263dc9b8",
      "rev_count": 908783,
      "rev_date": "2025-12-08T09:27:56Z",
      "scrape_date": "2025-12-10T02:55:04.357391Z",
      "stabilities": [
        "unstable"
      ],
      "unfree": false,
      "version": "2.12.2",
      "outputs_to_install": [
        "out"
      ],
      "outputs": {
        "out": "/nix/store/xbxa7yglflj3p71f3fhgzhl08xpcmv6g-nats-server-2.12.2"
      },
      "system": "aarch64-darwin",
      "group": "toplevel",
      "priority": 5
    },
    {
      "attr_path": "nats-server",
      "broken": false,
      "derivation": "/nix/store/5v0sjxk17xcwxid202yb7wqsh4a9dyg5-nats-server-2.12.2.drv",
      "description": "High-Performance server for NATS",
      "install_id": "nats-server",
      "license": "Apache-2.0",
      "locked_url": "https://github.com/flox/nixpkgs?rev=addf7cf5f383a3101ecfba091b98d0a1263dc9b8",
      "name": "nats-server-2.12.2",
      "pname": "nats-server",
      "rev": "addf7cf5f383a3101ecfba091b98d0a1263dc9b8",
      "rev_count": 908783,
      "rev_date": "2025-12-08T09:27:56Z",
      "scrape_date": "2025-12-10T03:04:29.517625Z",
      "stabilities": [
        "unstable"
      ],
      "unfree": false,
      "version": "2.12.2",
      "outputs_to_install": [
        "out"
      ],
      "outputs": {
        "out": "/nix/store/z8izrg8saclkjbdq5kn1934iszjmzsyi-nats-server-2.12.2"
      },
      "system": "aarch64-linux",
      "group": "toplevel",
      "priority": 5
    },
    {
      "attr_path": "nats-server",
      "broken": false,
      "derivation": "/nix/store/xjhfj7phajrqqmcvgdcf7aw0m0mph458-nats-server-2.12.2.drv",
      "description": "High-Performance server for NATS",
      "install_id": "nats-server",
      "license": "Apache-2.0",
      "locked_url": "https://github.com/flox/nixpkgs?rev=addf7cf5f383a3101ecfba091b98d0a1263dc9b8",
      "name": "nats-server-2.12.2",
      "pname": "nats-server",
      "rev": "addf7cf5f383a3101ecfba091b98d0a1263dc9b8",
      "rev_count": 908783,
      "rev_date": "2025-12-08T09:27:56Z",
      "scrape_date": "2025-12-10T03:14:19.089265Z",
      "stabilities": [
        "unstable"
      ],
      "unfree": false,
      "version": "2.12.2",
      "outputs_to_install": [
        "out"
      ],
      "outputs": {
        "out": "/nix/store/83r66m16w4qwvcn0cn3566qvygwy0zv7-nats-server-2.12.2"
      },
      "system": "x86_64-darwin",
      "group": "toplevel",
      "priority": 5
    },
    {
      "attr_path": "nats-server",
      "broken": false,
      "derivation": "/nix/store/sh6sv0k403g82m9xjc659nws3k78mcf1-nats-server-2.12.2.drv",
      "description": "High-Performance server for NATS",
      "install_id": "nats-server",
      "license": "Apache-2.0",
      "locked_url": "https://github.com/flox/nixpkgs?rev=addf7cf5f383a3101ecfba091b98d0a1263dc9b8",
      "name": "nats-server-2.12.2",
      "pname": "nats-server",
      "rev": "addf7cf5f383a3101ecfba091b98d0a1263dc9b8",
      "rev_count": 908783,
      "rev_date": "2025-12-08T09:27:56Z",
      "scrape_date": "2025-12-10T03:23:55.144352Z",
      "stabilities": [
        "unstable"
      ],
      "unfree": false,
      "version": "2.12.2",
      "outputs_to_install": [
        "out"
      ],
      "outputs": {
        "out": "/nix/store/cdvlmj82ar1j9dchzgqpmm8yjggmfmbl-nats-server-2.12.2"
      },
      "system": "x86_64-linux",
      "group": "toplevel",
      "priority": 5
    },
    {
      "attr_path": "natscli",
      "broken": false,
      "derivation": "/nix/store/929j1galn2lkb710ib5q7pknpdk7waz1-natscli-0.3.0.drv",
      "description": "NATS Command Line Interface",
      "install_id": "natscli",
      "license": "Apache-2.0",
      "locked_url": "https://github.com/flox/nixpkgs?rev=addf7cf5f383a3101ecfba091b98d0a1263dc9b8",
      "name": "natscli-0.3.0",
      "pname": "natscli",
      "rev": "addf7cf5f383a3101ecfba091b98d0a1263dc9b8",
      "rev_count": 908783,
      "rev_date": "2025-12-08T09:27:56Z",
      "scrape_date": "2025-12-10T02:55:04.359977Z",
      "stabilities": [
        "unstable"
      ],
      "unfree": false,
      "version": "0.3.0",
      "outputs_to_install": [
        "out"
      ],
      "outputs": {
        "out": "/nix/store/qg0n47kzdj8pc95nk7ajybrzd6c5wwjr-natscli-0.3.0"
      },
      "system": "aarch64-darwin",
      "group": "toplevel",
      "priority": 5
    },
    {
      "attr_path": "natscli",
      "broken": false,
      "derivation": "/nix/store/bf4q6iv8zq3kl2m2raszjdmi9ixr8vlr-natscli-0.3.0.drv",
      "description": "NATS Command Line Interface",
      "install_id": "natscli",
      "license": "Apache-2.0",
      "locked_url": "https://github.com/flox/nixpkgs?rev=addf7cf5f383a3101ecfba091b98d0a1263dc9b8",
      "name": "natscli-0.3.0",
      "pname": "natscli",
      "rev": "addf7cf5f383a3101ecfba091b98d0a1263dc9b8",
      "rev_count": 908783,
      "rev_date": "2025-12-08T09:27:56Z",
      "scrape_date": "2025-12-10T03:04:29.521144Z",
      "stabilities": [
        "unstable"
      ],
      "unfree": false,
      "version": "0.3.0",
      "outputs_to_install": [
        "out"
      ],
      "outputs": {
        "out": "/nix/store/3n9rb7fvw3a2lr9nykr5q10nqdkzafmn-natscli-0.3.0"
      },
      "system": "aarch64-linux",
      "group": "toplevel",
      "priority": 5
    },
    {
      "attr_path": "natscli",
      "broken": false,
      "derivation": "/nix/store/l5s0962pgj8ml9wzqrsa0kgfm211sz7s-natscli-0.3.0.drv",
      "description": "NATS Command Line Interface",
      "install_id": "natscli",
      "license": "Apache-2.0",
      "locked_url": "https://github.com/flox/nixpkgs?rev=addf7cf5f383a3101ecfba091b98d0a1263dc9b8",
      "name": "natscli-0.3.0",
      "pname": "natscli",
      "rev": "addf7cf5f383a3101ecfba091b98d0a1263dc9b8",
      "rev_count": 908783,
      "rev_date": "2025-12-08T09:27:56Z",
      "scrape_date": "2025-12-10T03:14:19.091951Z",
      "stabilities": [
        "unstable"
      ],
      "unfree": false,
      "version": "0.3.0",
      "outputs_to_install": [
        "out"
      ],
      "outputs": {
        "out": "/nix/store/fcgkag6r10bmrl5vgcwcwyyqsrj8kv1a-natscli-0.3.0"
      },
      "system": "x86_64-darwin",
      "group": "toplevel",
      "priority": 5
    },
    {
      "attr_path": "natscli",
      "broken": false,
      "derivation": "/nix/store/x877ixgix32krank5v6f5c4llzh8bam0-natscli-0.3.0.drv",
      "description": "NATS Command Line Interface",
      "install_id": "natscli",
      "license": "Apache-2.0",
      "locked_url": "https://github.com/flox/nixpkgs?rev=addf7cf5f383a3101ecfba091b98d0a1263dc9b8",
      "name": "natscli-0.3.0",
      "pname": "natscli",
      "rev": "addf7cf5f383a3101ecfba091b98d0a1263dc9b8",
      "rev_count": 908783,
      "rev_date": "2025-12-08T09:27:56Z",
      "scrape_date": "2025-12-10T03:23:55.148090Z",
      "stabilities": [
        "unstable"
      ],
      "unfree": false,
      "version": "0.3.0",
      "outputs_to_install": [
        "out"
      ],
      "outputs": {
        "out": "/nix/store/302pg0nxh9zrg10i4zmdjrnqyrdx6v6f-natscli-0.3.0"
      },
      "system": "x86_64-linux",
      "group": "toplevel",
      "priority": 5
    }
  ]
}
